
Microsoft Visual Studio Solution File, Format Version 12.00
# Visual Studio Version 17
Project("{8BC9CEB8-8B4A-11D0-8D11-00A0C91BC942}") = "ALL_BUILD", "ALL_BUILD.vcxproj", "{A84AEC87-19DD-333F-A996-08C4DBC2B817}"
	ProjectSection(ProjectDependencies) = postProject
		{2D0BAB71-FF73-3431-B2F8-6CD4CE23BED0} = {2D0BAB71-FF73-3431-B2F8-6CD4CE23BED0}
		{B7715958-F94E-3EE3-8AC3-AD7565EB9124} = {B7715958-F94E-3EE3-8AC3-AD7565EB9124}
		{58ED8E1A-A7FE-3CB6-B0FF-3B4977077398} = {58ED8E1A-A7FE-3CB6-B0FF-3B4977077398}
	EndProjectSection
EndProject
Project("{8BC9CEB8-8B4A-11D0-8D11-00A0C91BC942}") = "INSTALL", "INSTALL.vcxproj", "{9FF4D864-DE54-34C5-8624-A1CB88384D0A}"
	ProjectSection(ProjectDependencies) = postProject
		{A84AEC87-19DD-333F-A996-08C4DBC2B817} = {A84AEC87-19DD-333F-A996-08C4DBC2B817}
		{2D0BAB71-FF73-3431-B2F8-6CD4CE23BED0} = {2D0BAB71-FF73-3431-B2F8-6CD4CE23BED0}
	EndProjectSection
EndProject
Project("{8BC9CEB8-8B4A-11D0-8D11-00A0C91BC942}") = "ZERO_CHECK", "ZERO_CHECK.vcxproj", "{2D0BAB71-FF73-3431-B2F8-6CD4CE23BED0}"
	ProjectSection(ProjectDependencies) = postProject
	EndProjectSection
EndProject
Project("{8BC9CEB8-8B4A-11D0-8D11-00A0C91BC942}") = "raw", "raw.vcxproj", "{B7715958-F94E-3EE3-8AC3-AD7565EB9124}"
	ProjectSection(ProjectDependencies) = postProject
		{2D0BAB71-FF73-3431-B2F8-6CD4CE23BED0} = {2D0BAB71-FF73-3431-B2F8-6CD4CE23BED0}
	EndProjectSection
EndProject
Project("{8BC9CEB8-8B4A-11D0-8D11-00A0C91BC942}") = "raw_r", "raw_r.vcxproj", "{58ED8E1A-A7FE-3CB6-B0FF-3B4977077398}"
	ProjectSection(ProjectDependencies) = postProject
		{2D0BAB71-FF73-3431-B2F8-6CD4CE23BED0} = {2D0BAB71-FF73-3431-B2F8-6CD4CE23BED0}
	EndProjectSection
EndProject
Project("{8BC9CEB8-8B4A-11D0-8D11-00A0C91BC942}") = "uninstall", "uninstall.vcxproj", "{6CF9BD41-7CFD-3F3A-91E2-6FF42FDB567E}"
	ProjectSection(ProjectDependencies) = postProject
		{2D0BAB71-FF73-3431-B2F8-6CD4CE23BED0} = {2D0BAB71-FF73-3431-B2F8-6CD4CE23BED0}
	EndProjectSection
EndProject
Global
	GlobalSection(SolutionConfigurationPlatforms) = preSolution
		Debug|x64 = Debug|x64
		Release|x64 = Release|x64
		MinSizeRel|x64 = MinSizeRel|x64
		RelWithDebInfo|x64 = RelWithDebInfo|x64
	EndGlobalSection
	GlobalSection(ProjectConfigurationPlatforms) = postSolution
		{A84AEC87-19DD-333F-A996-08C4DBC2B817}.Debug|x64.ActiveCfg = Debug|x64
		{A84AEC87-19DD-333F-A996-08C4DBC2B817}.Debug|x64.Build.0 = Debug|x64
		{A84AEC87-19DD-333F-A996-08C4DBC2B817}.Release|x64.ActiveCfg = Release|x64
		{A84AEC87-19DD-333F-A996-08C4DBC2B817}.Release|x64.Build.0 = Release|x64
		{A84AEC87-19DD-333F-A996-08C4DBC2B817}.MinSizeRel|x64.ActiveCfg = MinSizeRel|x64
		{A84AEC87-19DD-333F-A996-08C4DBC2B817}.MinSizeRel|x64.Build.0 = MinSizeRel|x64
		{A84AEC87-19DD-333F-A996-08C4DBC2B817}.RelWithDebInfo|x64.ActiveCfg = RelWithDebInfo|x64
		{A84AEC87-19DD-333F-A996-08C4DBC2B817}.RelWithDebInfo|x64.Build.0 = RelWithDebInfo|x64
		{9FF4D864-DE54-34C5-8624-A1CB88384D0A}.Debug|x64.ActiveCfg = Debug|x64
		{9FF4D864-DE54-34C5-8624-A1CB88384D0A}.Release|x64.ActiveCfg = Release|x64
		{9FF4D864-DE54-34C5-8624-A1CB88384D0A}.MinSizeRel|x64.ActiveCfg = MinSizeRel|x64
		{9FF4D864-DE54-34C5-8624-A1CB88384D0A}.RelWithDebInfo|x64.ActiveCfg = RelWithDebInfo|x64
		{2D0BAB71-FF73-3431-B2F8-6CD4CE23BED0}.Debug|x64.ActiveCfg = Debug|x64
		{2D0BAB71-FF73-3431-B2F8-6CD4CE23BED0}.Debug|x64.Build.0 = Debug|x64
		{2D0BAB71-FF73-3431-B2F8-6CD4CE23BED0}.Release|x64.ActiveCfg = Release|x64
		{2D0BAB71-FF73-3431-B2F8-6CD4CE23BED0}.Release|x64.Build.0 = Release|x64
		{2D0BAB71-FF73-3431-B2F8-6CD4CE23BED0}.MinSizeRel|x64.ActiveCfg = MinSizeRel|x64
		{2D0BAB71-FF73-3431-B2F8-6CD4CE23BED0}.MinSizeRel|x64.Build.0 = MinSizeRel|x64
		{2D0BAB71-FF73-3431-B2F8-6CD4CE23BED0}.RelWithDebInfo|x64.ActiveCfg = RelWithDebInfo|x64
		{2D0BAB71-FF73-3431-B2F8-6CD4CE23BED0}.RelWithDebInfo|x64.Build.0 = RelWithDebInfo|x64
		{B7715958-F94E-3EE3-8AC3-AD7565EB9124}.Debug|x64.ActiveCfg = Debug|x64
		{B7715958-F94E-3EE3-8AC3-AD7565EB9124}.Debug|x64.Build.0 = Debug|x64
		{B7715958-F94E-3EE3-8AC3-AD7565EB9124}.Release|x64.ActiveCfg = Release|x64
		{B7715958-F94E-3EE3-8AC3-AD7565EB9124}.Release|x64.Build.0 = Release|x64
		{B7715958-F94E-3EE3-8AC3-AD7565EB9124}.MinSizeRel|x64.ActiveCfg = MinSizeRel|x64
		{B7715958-F94E-3EE3-8AC3-AD7565EB9124}.MinSizeRel|x64.Build.0 = MinSizeRel|x64
		{B7715958-F94E-3EE3-8AC3-AD7565EB9124}.RelWithDebInfo|x64.ActiveCfg = RelWithDebInfo|x64
		{B7715958-F94E-3EE3-8AC3-AD7565EB9124}.RelWithDebInfo|x64.Build.0 = RelWithDebInfo|x64
		{58ED8E1A-A7FE-3CB6-B0FF-3B4977077398}.Debug|x64.ActiveCfg = Debug|x64
		{58ED8E1A-A7FE-3CB6-B0FF-3B4977077398}.Debug|x64.Build.0 = Debug|x64
		{58ED8E1A-A7FE-3CB6-B0FF-3B4977077398}.Release|x64.ActiveCfg = Release|x64
		{58ED8E1A-A7FE-3CB6-B0FF-3B4977077398}.Release|x64.Build.0 = Release|x64
		{58ED8E1A-A7FE-3CB6-B0FF-3B4977077398}.MinSizeRel|x64.ActiveCfg = MinSizeRel|x64
		{58ED8E1A-A7FE-3CB6-B0FF-3B4977077398}.MinSizeRel|x64.Build.0 = MinSizeRel|x64
		{58ED8E1A-A7FE-3CB6-B0FF-3B4977077398}.RelWithDebInfo|x64.ActiveCfg = RelWithDebInfo|x64
		{58ED8E1A-A7FE-3CB6-B0FF-3B4977077398}.RelWithDebInfo|x64.Build.0 = RelWithDebInfo|x64
		{6CF9BD41-7CFD-3F3A-91E2-6FF42FDB567E}.Debug|x64.ActiveCfg = Debug|x64
		{6CF9BD41-7CFD-3F3A-91E2-6FF42FDB567E}.Release|x64.ActiveCfg = Release|x64
		{6CF9BD41-7CFD-3F3A-91E2-6FF42FDB567E}.MinSizeRel|x64.ActiveCfg = MinSizeRel|x64
		{6CF9BD41-7CFD-3F3A-91E2-6FF42FDB567E}.RelWithDebInfo|x64.ActiveCfg = RelWithDebInfo|x64
	EndGlobalSection
	GlobalSection(ExtensibilityGlobals) = postSolution
		SolutionGuid = {13AE7188-4E98-3722-BF23-E85B26801334}
	EndGlobalSection
	GlobalSection(ExtensibilityAddIns) = postSolution
	EndGlobalSection
EndGlobal
